{
  "version": 2,
  "packages": {
    "flowgen": {
      "immer": "flow-typed/flowgen/immer_v1.12.1.js",
      "jest-enzyme": "flow-typed/flowgen/jest-enzyme_v7.0.1.js",
      "most": "flow-typed/flowgen/most_v1.7.3.js",
      "parcel-bundler": "flow-typed/flowgen/parcel-bundler_v1.10.1.js",
      "rollup-plugin-json": "flow-typed/flowgen/rollup-plugin-json_v3.0.1.js",
      "terser": "flow-typed/flowgen/terser_v3.14.1.js"
    },
    "custom": {
      "babel-core": "",
      "@babel/cli": "",
      "@babel/node": "",
      "@babel/plugin-proposal-async-generator-functions": "",
      "@babel/plugin-proposal-class-properties": "",
      "@babel/plugin-proposal-decorators": "",
      "@babel/plugin-proposal-export-namespace-from": "",
      "@babel/plugin-proposal-nullish-coalescing-operator": "",
      "@babel/plugin-proposal-object-rest-spread": "",
      "@babel/plugin-proposal-optional-chaining": "",
      "@babel/plugin-transform-block-scoping": "",
      "@babel/plugin-transform-flow-strip-types": "",
      "@babel/plugin-transform-for-of": "",
      "@babel/plugin-transform-modules-commonjs": "",
      "@babel/preset-env": "",
      "@babel/preset-flow": "",
      "@babel/preset-react": "",
      "babel-eslint": "",
      "babel-jest": "",
      "babel-plugin-dev-expression": "",
      "babel-plugin-macros": "",
      "babel-plugin-module-resolver": "",
      "babel-plugin-transform-inline-environment-variables": "",
      "bs-platform": "",
      "codegen.macro": "",
      "cross-env": "",
      "docsify-cli": "",
      "eslint-plugin-babel": "",
      "eslint-plugin-flowtype": "",
      "eslint-plugin-jest": "",
      "eslint-plugin-react": "",
      "fastify-babel": "",
      "flow-copy-source": "",
      "jest-runner-eslint": "",
      "jscodeshift": "",
      "jsdom-global": "",
      "micro-dev": "",
      "nodemon": "",
      "now": "",
      "prepack": "",
      "prettier-eslint": "",
      "prettier-eslint-cli": "",
      "reason-react": "",
      "rollup-plugin-babel": "",
      "rollup-plugin-bucklescript": "",
      "rollup-plugin-replace": "",
      "rollup-plugin-size-snapshot": "",
      "rollup-plugin-terser": "",
      "serve": "",
      "setimmediate": "",
      "viz.js": "",
      "@babel/core": "",
      "@babel/helper-plugin-utils": "",
      "@babel/traverse": "",
      "@glennsl/bs-jest": "",
      "@goodmind/flow-js": "",
      "babel-literal-to-ast": "",
      "d3-dag": "",
      "eslint-plugin-react-hooks": "",
      "rollup-plugin-visualizer": "",
      "webpack-cli": "",
      "ws": "",
      "chai": "",
      "chokidar": "",
      "cross-fetch": "",
      "enzyme-adapter-react-16": "",
      "estree": "",
      "eventemitter2": "",
      "execa": "",
      "faker": "",
      "fastify": "",
      "fs-extra": "",
      "gud": "",
      "immutable": "",
      "invariant": "",
      "jest": "",
      "js-yaml": "",
      "linaria": "",
      "lit-html": "",
      "micro": "",
      "prettier": "",
      "prism": "",
      "puppeteer": "",
      "raf": "",
      "rollup": "",
      "styled-components": "",
      "symbol-observable": "",
      "vue": "",
      "warning": ""
    },
    "flowTyped": {
      "enzyme": "",
      "react-test-renderer": "",
      "markdown-table": "",
      "react-testing-library": "",
      "flow-bin": ""
    },
    "stub": {},
    "builtin": {
      "chalk": "",
      "flowgen": "",
      "graphql": ""
    }
  }
}
