{
  "version": 2,
  "packages": {
    "flowgen": {
      "babel-core": "flow-typed/flowgen/babel-core_v6.25.5.js",
      "chokidar": "flow-typed/flowgen/chokidar_v1.7.5.js",
      "connect": "flow-typed/flowgen/connect_v3.4.32.js",
      "cross-fetch": "flow-typed/flowgen/cross-fetch_v3.0.0.js",
      "enzyme-adapter-react-16": "flow-typed/flowgen/enzyme-adapter-react-16_v1.0.3.js",
      "fastify": "flow-typed/flowgen/fastify_v1.13.4.js",
      "graphlib": "flow-typed/flowgen/graphlib_v2.1.4.js",
      "immer": "flow-typed/flowgen/immer_v1.12.1.js",
      "jest-enzyme": "flow-typed/flowgen/jest-enzyme_v7.0.1.js",
      "micro": "flow-typed/flowgen/micro_v7.3.3.js",
      "most": "flow-typed/flowgen/most_v1.7.3.js",
      "parcel-bundler": "flow-typed/flowgen/parcel-bundler_v1.10.1.js",
      "rollup": "flow-typed/flowgen/rollup_v1.1.2.js",
      "rollup-plugin-json": "flow-typed/flowgen/rollup-plugin-json_v3.0.1.js",
      "terser": "flow-typed/flowgen/terser_v3.14.1.js",
      "vue": "flow-typed/flowgen/vue_v2.5.22.js"
    },
    "custom": {
      "@babel/cli": "",
      "@babel/node": "",
      "@babel/plugin-proposal-async-generator-functions": "",
      "@babel/plugin-proposal-class-properties": "",
      "@babel/plugin-proposal-decorators": "",
      "@babel/plugin-proposal-export-namespace-from": "",
      "@babel/plugin-proposal-nullish-coalescing-operator": "",
      "@babel/plugin-proposal-object-rest-spread": "",
      "@babel/plugin-proposal-optional-chaining": "",
      "@babel/plugin-transform-block-scoping": "",
      "@babel/plugin-transform-flow-strip-types": "",
      "@babel/plugin-transform-for-of": "",
      "@babel/plugin-transform-modules-commonjs": "",
      "@babel/preset-env": "",
      "@babel/preset-flow": "",
      "@babel/preset-react": "",
      "babel-eslint": "",
      "babel-jest": "",
      "babel-plugin-dev-expression": "",
      "babel-plugin-macros": "",
      "babel-plugin-module-resolver": "",
      "babel-plugin-transform-inline-environment-variables": "",
      "bs-platform": "",
      "codegen.macro": "",
      "cross-env": "",
      "docsify-cli": "",
      "eslint-plugin-babel": "",
      "eslint-plugin-flowtype": "",
      "eslint-plugin-jest": "",
      "eslint-plugin-react": "",
      "fastify-babel": "",
      "flow-copy-source": "",
      "jest-runner-eslint": "",
      "jscodeshift": "",
      "jsdom-global": "",
      "micro-dev": "",
      "nodemon": "",
      "now": "",
      "prepack": "",
      "prettier-eslint": "",
      "prettier-eslint-cli": "",
      "reason-react": "",
      "rollup-plugin-babel": "",
      "rollup-plugin-bucklescript": "",
      "rollup-plugin-replace": "",
      "rollup-plugin-size-snapshot": "",
      "rollup-plugin-terser": "",
      "serve": "",
      "setimmediate": "",
      "viz.js": "",
      "@babel/core": "",
      "chroma-js": "",
      "eslint": "",
      "fastify-favicon": "",
      "jsdom": "",
      "pretty-hrtime": "",
      "raf": "",
      "rollup-plugin-commonjs": "",
      "rollup-plugin-node-builtins": "",
      "rollup-plugin-node-globals": "",
      "rollup-plugin-node-resolve": "",
      "sharp": "",
      "shelljs": ""
    },
    "flowTyped": {
      "@babel/register": "",
      "enzyme": "",
      "execa": "",
      "express": "",
      "flow-bin": "",
      "fs-extra": "",
      "jest": "",
      "js-yaml": "",
      "prettier": "",
      "puppeteer": "",
      "react": "",
      "react-dom": "",
      "react-test-renderer": "",
      "redux": "",
      "rimraf": "",
      "styled-components": ""
    },
    "stub": {
      "symbol-observable": "flow-typed/npm/symbol-observable_vx.x.x.js",
      "immutable": "flow-typed/npm/immutable_vx.x.x.js"
    },
    "builtin": {
      "chalk": ""
    }
  }
}
