# THIS IS AN AUTOGENERATED FILE. DO NOT EDIT THIS FILE DIRECTLY.
# yarn lockfile v1


bs-platform@^2.2.0:
  version "2.2.1"
  resolved "https://registry.yarnpkg.com/bs-platform/-/bs-platform-2.2.1.tgz#e22b82143a43a10630d7b2040aab87648b12190c"

bucklescript-tea@^0.7.1:
  version "0.7.1"
  resolved "https://registry.yarnpkg.com/bucklescript-tea/-/bucklescript-tea-0.7.1.tgz#a51211c5832d7f350165f08d729635b2d1d990fb"
